
Microsoft Visual Studio Solution File, Format Version 12.00
# Visual Studio Version 17
VisualStudioVersion = 17.4.33103.184
MinimumVisualStudioVersion = 10.0.40219.1
Project("{FAE04EC0-301F-11D3-BF4B-00C04F79EFBC}") = "PR_6", "PR_6\PR_6.csproj", "{299365DE-1340-4E6B-9DF4-771CF838FCAB}"
EndProject
Global
	GlobalSection(SolutionConfigurationPlatforms) = preSolution
		Debug|Any CPU = Debug|Any CPU
		Release|Any CPU = Release|Any CPU
	EndGlobalSection
	GlobalSection(ProjectConfigurationPlatforms) = postSolution
		{299365DE-1340-4E6B-9DF4-771CF838FCAB}.Debug|Any CPU.ActiveCfg = Debug|Any CPU
		{299365DE-1340-4E6B-9DF4-771CF838FCAB}.Debug|Any CPU.Build.0 = Debug|Any CPU
		{299365DE-1340-4E6B-9DF4-771CF838FCAB}.Release|Any CPU.ActiveCfg = Release|Any CPU
		{299365DE-1340-4E6B-9DF4-771CF838FCAB}.Release|Any CPU.Build.0 = Release|Any CPU
	EndGlobalSection
	GlobalSection(SolutionProperties) = preSolution
		HideSolutionNode = FALSE
	EndGlobalSection
	GlobalSection(ExtensibilityGlobals) = postSolution
		SolutionGuid = {3CF8D72C-56D9-416E-9BB9-CB34CEDAA6FA}
	EndGlobalSection
EndGlobal
